{
  "name": "@webu/ractive-editor",
  "version": "0.5.0",
  "lockfileVersion": 1,
  "requires": true,
  "dependencies": {
    "@types/chrome": {
      "version": "0.0.69",
      "resolved": "https://registry.npmjs.org/@types/chrome/-/chrome-0.0.69.tgz",
      "integrity": "sha512-esiuhfTrm0pVYuLpX5St2iv1AtLDZdM6Pvc2fIrtXNeJ1OJ6YRwLzz4LlgHiYkcXI6wUCYYmDMbIH6NnShBaPQ==",
      "dev": true,
      "requires": {
        "@types/filesystem": "*"
      }
    },
    "@types/filesystem": {
      "version": "0.0.28",
      "resolved": "https://registry.npmjs.org/@types/filesystem/-/filesystem-0.0.28.tgz",
      "integrity": "sha1-P9dzWDDyx0E8taxFeAvEWQRpew4=",
      "dev": true,
      "requires": {
        "@types/filewriter": "*"
      }
    },
    "@types/filewriter": {
      "version": "0.0.28",
      "resolved": "https://registry.npmjs.org/@types/filewriter/-/filewriter-0.0.28.tgz",
      "integrity": "sha1-wFTor02d11205jq8dviFFocU1LM=",
      "dev": true
    },
    "banner-webpack-plugin": {
      "version": "0.2.3",
      "resolved": "https://registry.npmjs.org/banner-webpack-plugin/-/banner-webpack-plugin-0.2.3.tgz",
      "integrity": "sha1-6d7p2WRMzvH9lw4R2CQIr/QikOs=",
      "dev": true
    }
  }
}
